PODS:
  - connectivity_plus (0.0.1):
    - Flutter
  - device_info_plus (0.0.1):
    - Flutter
  - Flutter (1.0.0)
  - flutter_image_compress_common (1.0.0):
    - Flutter
    - Mantle
    - SDWebImage
    - SDWebImageWebPCoder
  - flutter_local_notifications (0.0.1):
    - Flutter
  - flutter_secure_storage_darwin (10.0.0):
    - Flutter
    - FlutterMacOS
  - fluwx (2.0.5):
    - Flutter
    - WechatOpenSDK-XCFramework (~> 2.0.5)
  - health (13.3.2):
    - Flutter
  - image_picker_ios (0.0.1):
    - Flutter
  - integration_test (0.0.1):
    - Flutter
  - JCore (5.5.3)
  - JPush (6.2.0):
    - JCore (> 5.1.1)
  - jpush_flutter (0.0.2):
    - Flutter
    - JCore (>= 5.5.0)
    - JPush (= 6.2.0)
  - libwebp (1.6.0):
    - libwebp/demux (= 1.6.0)
    - libwebp/mux (= 1.6.0)
    - libwebp/sharpyuv (= 1.6.0)
    - libwebp/webp (= 1.6.0)
  - libwebp/demux (1.6.0):
    - libwebp/webp
  - libwebp/mux (1.6.0):
    - libwebp/demux
  - libwebp/sharpyuv (1.6.0)
  - libwebp/webp (1.6.0):
    - libwebp/sharpyuv
  - Mantle (2.2.0):
    - Mantle/extobjc (= 2.2.0)
  - Mantle/extobjc (2.2.0)
  - mobile_scanner (7.0.0):
    - Flutter
    - FlutterMacOS
  - onnxruntime-c (1.30.0)
  - onnxruntime-objc (1.30.0):
    - onnxruntime-objc/Core (= 1.30.0)
  - onnxruntime-objc/Core (1.30.0):
    - onnxruntime-c (= 1.30.0)
  - OpenCV (4.3.0)
  - package_info_plus (0.4.5):
    - Flutter
  - paddle_ocr_native (0.1.0):
    - Flutter
    - onnxruntime-objc (~> 1.24)
    - OpenCV (~> 4.3.0)
    - Yams (~> 5.0)
  - permission_handler_apple (9.4.8):
    - Flutter
  - SDWebImage (5.21.7):
    - SDWebImage/Core (= 5.21.7)
  - SDWebImage/Core (5.21.7)
  - SDWebImageWebPCoder (0.15.0):
    - libwebp (~> 1.0)
    - SDWebImage/Core (~> 5.17)
  - Sentry/HybridSDK (8.58.3)
  - sentry_flutter (9.24.0):
    - Flutter
    - FlutterMacOS
    - Sentry/HybridSDK (= 8.58.3)
  - share_plus (0.0.1):
    - Flutter
  - shared_preferences_foundation (0.0.1):
    - Flutter
    - FlutterMacOS
  - sign_in_with_apple (0.0.1):
    - Flutter
    - FlutterMacOS
  - sqflite_darwin (0.0.4):
    - Flutter
    - FlutterMacOS
  - sqlite3 (3.52.0):
    - sqlite3/common (= 3.52.0)
  - sqlite3/common (3.52.0)
  - sqlite3/dbstatvtab (3.52.0):
    - sqlite3/common
  - sqlite3/fts5 (3.52.0):
    - sqlite3/common
  - sqlite3/math (3.52.0):
    - sqlite3/common
  - sqlite3/perf-threadsafe (3.52.0):
    - sqlite3/common
  - sqlite3/rtree (3.52.0):
    - sqlite3/common
  - sqlite3/session (3.52.0):
    - sqlite3/common
  - sqlite3_flutter_libs (0.0.1):
    - Flutter
    - FlutterMacOS
    - sqlite3 (~> 3.52.0)
    - sqlite3/dbstatvtab
    - sqlite3/fts5
    - sqlite3/math
    - sqlite3/perf-threadsafe
    - sqlite3/rtree
    - sqlite3/session
  - url_launcher_ios (0.0.1):
    - Flutter
  - WechatOpenSDK-XCFramework (2.0.9)
  - Yams (5.0.6)

DEPENDENCIES:
  - connectivity_plus (from `.symlinks/plugins/connectivity_plus/ios`)
  - device_info_plus (from `.symlinks/plugins/device_info_plus/ios`)
  - Flutter (from `Flutter`)
  - flutter_image_compress_common (from `.symlinks/plugins/flutter_image_compress_common/ios`)
  - flutter_local_notifications (from `.symlinks/plugins/flutter_local_notifications/ios`)
  - flutter_secure_storage_darwin (from `.symlinks/plugins/flutter_secure_storage_darwin/darwin`)
  - fluwx (from `.symlinks/plugins/fluwx/ios`)
  - health (from `.symlinks/plugins/health/ios`)
  - image_picker_ios (from `.symlinks/plugins/image_picker_ios/ios`)
  - integration_test (from `.symlinks/plugins/integration_test/ios`)
  - jpush_flutter (from `.symlinks/plugins/jpush_flutter/ios`)
  - mobile_scanner (from `.symlinks/plugins/mobile_scanner/darwin`)
  - package_info_plus (from `.symlinks/plugins/package_info_plus/ios`)
  - paddle_ocr_native (from `.symlinks/plugins/paddle_ocr_native/ios`)
  - permission_handler_apple (from `.symlinks/plugins/permission_handler_apple/ios`)
  - sentry_flutter (from `.symlinks/plugins/sentry_flutter/ios`)
  - share_plus (from `.symlinks/plugins/share_plus/ios`)
  - shared_preferences_foundation (from `.symlinks/plugins/shared_preferences_foundation/darwin`)
  - sign_in_with_apple (from `.symlinks/plugins/sign_in_with_apple/darwin`)
  - sqflite_darwin (from `.symlinks/plugins/sqflite_darwin/darwin`)
  - sqlite3_flutter_libs (from `.symlinks/plugins/sqlite3_flutter_libs/darwin`)
  - url_launcher_ios (from `.symlinks/plugins/url_launcher_ios/ios`)

SPEC REPOS:
  trunk:
    - JCore
    - JPush
    - libwebp
    - Mantle
    - onnxruntime-c
    - onnxruntime-objc
    - OpenCV
    - SDWebImage
    - SDWebImageWebPCoder
    - Sentry
    - sqlite3
    - WechatOpenSDK-XCFramework
    - Yams

EXTERNAL SOURCES:
  connectivity_plus:
    :path: ".symlinks/plugins/connectivity_plus/ios"
  device_info_plus:
    :path: ".symlinks/plugins/device_info_plus/ios"
  Flutter:
    :path: Flutter
  flutter_image_compress_common:
    :path: ".symlinks/plugins/flutter_image_compress_common/ios"
  flutter_local_notifications:
    :path: ".symlinks/plugins/flutter_local_notifications/ios"
  flutter_secure_storage_darwin:
    :path: ".symlinks/plugins/flutter_secure_storage_darwin/darwin"
  fluwx:
    :path: ".symlinks/plugins/fluwx/ios"
  health:
    :path: ".symlinks/plugins/health/ios"
  image_picker_ios:
    :path: ".symlinks/plugins/image_picker_ios/ios"
  integration_test:
    :path: ".symlinks/plugins/integration_test/ios"
  jpush_flutter:
    :path: ".symlinks/plugins/jpush_flutter/ios"
  mobile_scanner:
    :path: ".symlinks/plugins/mobile_scanner/darwin"
  package_info_plus:
    :path: ".symlinks/plugins/package_info_plus/ios"
  paddle_ocr_native:
    :path: ".symlinks/plugins/paddle_ocr_native/ios"
  permission_handler_apple:
    :path: ".symlinks/plugins/permission_handler_apple/ios"
  sentry_flutter:
    :path: ".symlinks/plugins/sentry_flutter/ios"
  share_plus:
    :path: ".symlinks/plugins/share_plus/ios"
  shared_preferences_foundation:
    :path: ".symlinks/plugins/shared_preferences_foundation/darwin"
  sign_in_with_apple:
    :path: ".symlinks/plugins/sign_in_with_apple/darwin"
  sqflite_darwin:
    :path: ".symlinks/plugins/sqflite_darwin/darwin"
  sqlite3_flutter_libs:
    :path: ".symlinks/plugins/sqlite3_flutter_libs/darwin"
  url_launcher_ios:
    :path: ".symlinks/plugins/url_launcher_ios/ios"

SPEC CHECKSUMS:
  connectivity_plus: cb623214f4e1f6ef8fe7403d580fdad517d2f7dd
  device_info_plus: 21fcca2080fbcd348be798aa36c3e5ed849eefbe
  Flutter: 71a624a5bc0c04062bf19101d501e466baf2fb47
  flutter_image_compress_common: 1697a328fd72bfb335507c6bca1a65fa5ad87df1
  flutter_local_notifications: a5a732f069baa862e728d839dd2ebb904737effb
  flutter_secure_storage_darwin: acdb3f316ed05a3e68f856e0353b133eec373a23
  fluwx: 3fc75ea9a5796bd90d53fd9657ff88b3dd9fca70
  health: 72947bca89ee7906256d6f650db061ca4b2f92c7
  image_picker_ios: e0ece4aa2a75771a7de3fa735d26d90817041326
  integration_test: 4a889634ef21a45d28d50d622cf412dc6d9f586e
  JCore: 3e14acb18c4dc2615008c5cb385a9ae627688a01
  JPush: eb729308f4d3c579840d4ba41a67065e8c491ada
  jpush_flutter: e596cb51fb637f8dba976407a284de5bf443cbf2
  libwebp: af5937a13536ef73f3784d69cc342b98961acf33
  Mantle: c5aa8794a29a022dfbbfc9799af95f477a69b62d
  mobile_scanner: 9157936403f5a0644ca3779a38ff8404c5434a93
  onnxruntime-c: 36ca0f2cdbc89c6b330ec5287c3faf5ca6ed394d
  onnxruntime-objc: b5edf18cf57daebe2ee59a7866aab12c8eeff940
  OpenCV: 681e0451c1e54c5930a8922277f817ed5d5ab459
  package_info_plus: af8e2ca6888548050f16fa2f1938db7b5a5df499
  paddle_ocr_native: 3da689de22a02ef7600fdfb010a4b22bffbde97d
  permission_handler_apple: 92d754bbaa7361d436db2d6c3c1c2a0fdcec462e
  SDWebImage: e9fc87c1aab89a8ab1bbd74eba378c6f53be8abf
  SDWebImageWebPCoder: 0e06e365080397465cc73a7a9b472d8a3bd0f377
  Sentry: 108fdbb76299c4189af12246bf0308c09c278922
  sentry_flutter: 8528594bf73819ef3f40c2e218e93554fc2719e6
  share_plus: 50da8cb520a8f0f65671c6c6a99b3617ed10a58a
  shared_preferences_foundation: 7036424c3d8ec98dfe75ff1667cb0cd531ec82bb
  sign_in_with_apple: 5e34677a4e74c5f42760f41b3bbe05343e84d171
  sqflite_darwin: 20b2a3a3b70e43edae938624ce550a3cbf66a3d0
  sqlite3: a51c07cf16e023d6c48abd5e5791a61a47354921
  sqlite3_flutter_libs: b3e120efe9a82017e5552a620f696589ed4f62ab
  url_launcher_ios: 7a95fa5b60cc718a708b8f2966718e93db0cef1b
  WechatOpenSDK-XCFramework: 996f8fe4f5ca9d75529546f7246da459ef31aa0d
  Yams: e10dae147f517ed57ecae37c5e8681bdf8fcab65

PODFILE CHECKSUM: f2b03fc8f2a79e206f6bfbd124aa02e3e647969a

COCOAPODS: 1.17.0
